Microsoft Visual Studio Solution File, Format Version 12.00
# Visual Studio Version 17
VisualStudioVersion = 17.2.32516.85
MinimumVisualStudioVersion = 10.0.40219.1
Project("{9A19103F-16F7-4668-BE54-9A1E7A4F7556}") = "LoaderCore", "LoaderCore\LoaderCore.csproj", "{422E95A1-FD27-4248-B8A9-73783681C5B4}"
EndProject
Project("{9A19103F-16F7-4668-BE54-9A1E7A4F7556}") = "NC_EngTools_StartUp", "NC_EngTools_StartUp\NC_EngTools_StartUp.csproj", "{AE5B4650-D8D9-4B12-AA8D-3334834D1EE4}"
EndProject
Project("{9A19103F-16F7-4668-BE54-9A1E7A4F7556}") = "Utilities", "Utilities\Utilities.csproj", "{BC37020E-E998-40FE-952F-133E841045B7}"
	ProjectSection(ProjectDependencies) = postProject
		{422E95A1-FD27-4248-B8A9-73783681C5B4} = {422E95A1-FD27-4248-B8A9-73783681C5B4}
	EndProjectSection
EndProject
Project("{9A19103F-16F7-4668-BE54-9A1E7A4F7556}") = "LayerWorks", "LayerWorks\LayerWorks.csproj", "{034CF531-F41E-4C83-B823-7F4A365FCC9A}"
EndProject
Project("{9A19103F-16F7-4668-BE54-9A1E7A4F7556}") = "GeoMod", "GeoMod\GeoMod.csproj", "{AFCD98C8-3AA4-4393-83D7-7EDFB9C1407A}"
	ProjectSection(ProjectDependencies) = postProject
		{422E95A1-FD27-4248-B8A9-73783681C5B4} = {422E95A1-FD27-4248-B8A9-73783681C5B4}
	EndProjectSection
EndProject
Project("{9A19103F-16F7-4668-BE54-9A1E7A4F7556}") = "LayersIO", "LayersIO\LayersIO.csproj", "{7DBC9A8B-8A60-456C-8F2D-1C08041F1007}"
EndProject
Project("{9A19103F-16F7-4668-BE54-9A1E7A4F7556}") = "LayersDatabaseEditor", "LayersDatabaseEditor\LayersDatabaseEditor.csproj", "{CF17117F-D8E6-494A-8F3A-397879C882AF}"
	ProjectSection(ProjectDependencies) = postProject
		{6BFDF9FE-8188-4474-8F26-D052F35EB5DE} = {6BFDF9FE-8188-4474-8F26-D052F35EB5DE}
	EndProjectSection
EndProject
Project("{9A19103F-16F7-4668-BE54-9A1E7A4F7556}") = "NameClassifiers", "NameParser\NameClassifiers.csproj", "{6BFDF9FE-8188-4474-8F26-D052F35EB5DE}"
EndProject
Project("{2150E333-8FDC-42A3-9474-1A3956D46DE8}") = "Source", "Source", "{9C756B09-1F25-4B78-8613-DA901DC80AC7}"
EndProject
Project("{2150E333-8FDC-42A3-9474-1A3956D46DE8}") = "Tests", "Tests", "{AA1C6103-37FA-4CD6-A057-0102BAD2FF6F}"
EndProject
Project("{9A19103F-16F7-4668-BE54-9A1E7A4F7556}") = "NameParserTest", "NameParserTest\NameParserTest.csproj", "{D4C0070D-254E-4493-AD16-5ADCC860603D}"
EndProject
Project("{2150E333-8FDC-42A3-9474-1A3956D46DE8}") = "Service", "Service", "{0D3161E7-1263-41E0-A344-CE24239B7A0F}"
EndProject
Project("{9A19103F-16F7-4668-BE54-9A1E7A4F7556}") = "LayerDbMigrations", "LayerDbMigrations\LayerDbMigrations.csproj", "{709E5BCF-67F0-4873-8D3F-42EAB482A791}"
EndProject
Project("{9A19103F-16F7-4668-BE54-9A1E7A4F7556}") = "NcetExternalUpdater", "NcetExternalUpdater\NcetExternalUpdater.csproj", "{1996DC9E-AAE9-4EAF-A6E0-E645C682A498}"
EndProject
Global
	GlobalSection(SolutionConfigurationPlatforms) = preSolution
		Debug|Any CPU = Debug|Any CPU
		Release|Any CPU = Release|Any CPU
	EndGlobalSection
	GlobalSection(ProjectConfigurationPlatforms) = postSolution
		{422E95A1-FD27-4248-B8A9-73783681C5B4}.Debug|Any CPU.ActiveCfg = Debug|Any CPU
		{422E95A1-FD27-4248-B8A9-73783681C5B4}.Debug|Any CPU.Build.0 = Debug|Any CPU
		{422E95A1-FD27-4248-B8A9-73783681C5B4}.Release|Any CPU.ActiveCfg = Release|Any CPU
		{422E95A1-FD27-4248-B8A9-73783681C5B4}.Release|Any CPU.Build.0 = Release|Any CPU
		{AE5B4650-D8D9-4B12-AA8D-3334834D1EE4}.Debug|Any CPU.ActiveCfg = Debug|Any CPU
		{AE5B4650-D8D9-4B12-AA8D-3334834D1EE4}.Debug|Any CPU.Build.0 = Debug|Any CPU
		{AE5B4650-D8D9-4B12-AA8D-3334834D1EE4}.Release|Any CPU.ActiveCfg = Release|Any CPU
		{AE5B4650-D8D9-4B12-AA8D-3334834D1EE4}.Release|Any CPU.Build.0 = Release|Any CPU
		{BC37020E-E998-40FE-952F-133E841045B7}.Debug|Any CPU.ActiveCfg = Debug|Any CPU
		{BC37020E-E998-40FE-952F-133E841045B7}.Debug|Any CPU.Build.0 = Debug|Any CPU
		{BC37020E-E998-40FE-952F-133E841045B7}.Release|Any CPU.ActiveCfg = Release|Any CPU
		{BC37020E-E998-40FE-952F-133E841045B7}.Release|Any CPU.Build.0 = Release|Any CPU
		{034CF531-F41E-4C83-B823-7F4A365FCC9A}.Debug|Any CPU.ActiveCfg = Debug|Any CPU
		{034CF531-F41E-4C83-B823-7F4A365FCC9A}.Debug|Any CPU.Build.0 = Debug|Any CPU
		{034CF531-F41E-4C83-B823-7F4A365FCC9A}.Release|Any CPU.ActiveCfg = Release|Any CPU
		{034CF531-F41E-4C83-B823-7F4A365FCC9A}.Release|Any CPU.Build.0 = Release|Any CPU
		{AFCD98C8-3AA4-4393-83D7-7EDFB9C1407A}.Debug|Any CPU.ActiveCfg = Debug|Any CPU
		{AFCD98C8-3AA4-4393-83D7-7EDFB9C1407A}.Debug|Any CPU.Build.0 = Debug|Any CPU
		{AFCD98C8-3AA4-4393-83D7-7EDFB9C1407A}.Release|Any CPU.ActiveCfg = Release|Any CPU
		{AFCD98C8-3AA4-4393-83D7-7EDFB9C1407A}.Release|Any CPU.Build.0 = Release|Any CPU
		{7DBC9A8B-8A60-456C-8F2D-1C08041F1007}.Debug|Any CPU.ActiveCfg = Debug|Any CPU
		{7DBC9A8B-8A60-456C-8F2D-1C08041F1007}.Debug|Any CPU.Build.0 = Debug|Any CPU
		{7DBC9A8B-8A60-456C-8F2D-1C08041F1007}.Release|Any CPU.ActiveCfg = Release|Any CPU
		{7DBC9A8B-8A60-456C-8F2D-1C08041F1007}.Release|Any CPU.Build.0 = Release|Any CPU
		{CF17117F-D8E6-494A-8F3A-397879C882AF}.Debug|Any CPU.ActiveCfg = Debug|Any CPU
		{CF17117F-D8E6-494A-8F3A-397879C882AF}.Debug|Any CPU.Build.0 = Debug|Any CPU
		{CF17117F-D8E6-494A-8F3A-397879C882AF}.Release|Any CPU.ActiveCfg = Release|Any CPU
		{CF17117F-D8E6-494A-8F3A-397879C882AF}.Release|Any CPU.Build.0 = Release|Any CPU
		{6BFDF9FE-8188-4474-8F26-D052F35EB5DE}.Debug|Any CPU.ActiveCfg = Debug|Any CPU
		{6BFDF9FE-8188-4474-8F26-D052F35EB5DE}.Debug|Any CPU.Build.0 = Debug|Any CPU
		{6BFDF9FE-8188-4474-8F26-D052F35EB5DE}.Release|Any CPU.ActiveCfg = Release|Any CPU
		{6BFDF9FE-8188-4474-8F26-D052F35EB5DE}.Release|Any CPU.Build.0 = Release|Any CPU
		{D4C0070D-254E-4493-AD16-5ADCC860603D}.Debug|Any CPU.ActiveCfg = Debug|Any CPU
		{D4C0070D-254E-4493-AD16-5ADCC860603D}.Debug|Any CPU.Build.0 = Debug|Any CPU
		{D4C0070D-254E-4493-AD16-5ADCC860603D}.Release|Any CPU.ActiveCfg = Release|Any CPU
		{709E5BCF-67F0-4873-8D3F-42EAB482A791}.Debug|Any CPU.ActiveCfg = Debug|Any CPU
		{709E5BCF-67F0-4873-8D3F-42EAB482A791}.Debug|Any CPU.Build.0 = Debug|Any CPU
		{709E5BCF-67F0-4873-8D3F-42EAB482A791}.Release|Any CPU.ActiveCfg = Release|Any CPU
		{1996DC9E-AAE9-4EAF-A6E0-E645C682A498}.Debug|Any CPU.ActiveCfg = Debug|Any CPU
		{1996DC9E-AAE9-4EAF-A6E0-E645C682A498}.Debug|Any CPU.Build.0 = Debug|Any CPU
		{1996DC9E-AAE9-4EAF-A6E0-E645C682A498}.Release|Any CPU.ActiveCfg = Release|Any CPU
		{1996DC9E-AAE9-4EAF-A6E0-E645C682A498}.Release|Any CPU.Build.0 = Release|Any CPU
	EndGlobalSection
	GlobalSection(SolutionProperties) = preSolution
		HideSolutionNode = FALSE
	EndGlobalSection
	GlobalSection(NestedProjects) = preSolution
		{422E95A1-FD27-4248-B8A9-73783681C5B4} = {9C756B09-1F25-4B78-8613-DA901DC80AC7}
		{AE5B4650-D8D9-4B12-AA8D-3334834D1EE4} = {9C756B09-1F25-4B78-8613-DA901DC80AC7}
		{BC37020E-E998-40FE-952F-133E841045B7} = {9C756B09-1F25-4B78-8613-DA901DC80AC7}
		{034CF531-F41E-4C83-B823-7F4A365FCC9A} = {9C756B09-1F25-4B78-8613-DA901DC80AC7}
		{AFCD98C8-3AA4-4393-83D7-7EDFB9C1407A} = {9C756B09-1F25-4B78-8613-DA901DC80AC7}
		{7DBC9A8B-8A60-456C-8F2D-1C08041F1007} = {9C756B09-1F25-4B78-8613-DA901DC80AC7}
		{CF17117F-D8E6-494A-8F3A-397879C882AF} = {9C756B09-1F25-4B78-8613-DA901DC80AC7}
		{6BFDF9FE-8188-4474-8F26-D052F35EB5DE} = {9C756B09-1F25-4B78-8613-DA901DC80AC7}
		{D4C0070D-254E-4493-AD16-5ADCC860603D} = {AA1C6103-37FA-4CD6-A057-0102BAD2FF6F}
		{709E5BCF-67F0-4873-8D3F-42EAB482A791} = {0D3161E7-1263-41E0-A344-CE24239B7A0F}
		{1996DC9E-AAE9-4EAF-A6E0-E645C682A498} = {9C756B09-1F25-4B78-8613-DA901DC80AC7}
	EndGlobalSection
	GlobalSection(ExtensibilityGlobals) = postSolution
		SolutionGuid = {6D243E8F-70BB-4A0D-9231-F7131BF1825E}
	EndGlobalSection
EndGlobal
